// !$*UTF8*$!
{
	archiveVersion = 1;
	classes = {
	};
	objectVersion = 56;
	objects = {

/* Begin PBXBuildFile section */
		79168AF62A32863600217A60 /* GoogleInteractiveMediaAds in Frameworks */ = {isa = PBXBuildFile; productRef = 79168AF52A32863600217A60 /* GoogleInteractiveMediaAds */; };
		79A7718F2A28B48900408C72 /* AppDelegate.swift in Sources */ = {isa = PBXBuildFile; fileRef = 79A7718E2A28B48900408C72 /* AppDelegate.swift */; };
		79A771912A28B48900408C72 /* SceneDelegate.swift in Sources */ = {isa = PBXBuildFile; fileRef = 79A771902A28B48900408C72 /* SceneDelegate.swift */; };
		79A771932A28B48900408C72 /* ViewController.swift in Sources */ = {isa = PBXBuildFile; fileRef = 79A771922A28B48900408C72 /* ViewController.swift */; };
		79A771962A28B48900408C72 /* Main.storyboard in Resources */ = {isa = PBXBuildFile; fileRef = 79A771942A28B48900408C72 /* Main.storyboard */; };
		79A771982A28B48A00408C72 /* Assets.xcassets in Resources */ = {isa = PBXBuildFile; fileRef = 79A771972A28B48A00408C72 /* Assets.xcassets */; };
		79A7719B2A28B48A00408C72 /* LaunchScreen.storyboard in Resources */ = {isa = PBXBuildFile; fileRef = 79A771992A28B48A00408C72 /* LaunchScreen.storyboard */; };
		79A771A82A28B73100408C72 /* Video.swift in Sources */ = {isa = PBXBuildFile; fileRef = 79A771A72A28B73100408C72 /* Video.swift */; };
		79B420D32A388F510032D564 /* FlowplayerSDK.xcframework in Frameworks */ = {isa = PBXBuildFile; fileRef = 79B420D12A388F4B0032D564 /* FlowplayerSDK.xcframework */; };
		79B420D42A388F510032D564 /* FlowplayerSDK.xcframework in Embed Frameworks */ = {isa = PBXBuildFile; fileRef = 79B420D12A388F4B0032D564 /* FlowplayerSDK.xcframework */; settings = {ATTRIBUTES = (CodeSignOnCopy, RemoveHeadersOnCopy, ); }; };
		79B420D62A3890380032D564 /* PlayController.swift in Sources */ = {isa = PBXBuildFile; fileRef = 79B420D52A3890380032D564 /* PlayController.swift */; };
/* End PBXBuildFile section */

/* Begin PBXCopyFilesBuildPhase section */
		7953BB8B2A33C5CE00C72259 /* Embed Frameworks */ = {
			isa = PBXCopyFilesBuildPhase;
			buildActionMask = 2147483647;
			dstPath = "";
			dstSubfolderSpec = 10;
			files = (
				79B420D42A388F510032D564 /* FlowplayerSDK.xcframework in Embed Frameworks */,
			);
			name = "Embed Frameworks";
			runOnlyForDeploymentPostprocessing = 0;
		};
/* End PBXCopyFilesBuildPhase section */

/* Begin PBXFileReference section */
		79A7718B2A28B48900408C72 /* Basic.app */ = {isa = PBXFileReference; explicitFileType = wrapper.application; includeInIndex = 0; path = Basic.app; sourceTree = BUILT_PRODUCTS_DIR; };
		79A7718E2A28B48900408C72 /* AppDelegate.swift */ = {isa = PBXFileReference; lastKnownFileType = sourcecode.swift; path = AppDelegate.swift; sourceTree = "<group>"; };
		79A771902A28B48900408C72 /* SceneDelegate.swift */ = {isa = PBXFileReference; lastKnownFileType = sourcecode.swift; path = SceneDelegate.swift; sourceTree = "<group>"; };
		79A771922A28B48900408C72 /* ViewController.swift */ = {isa = PBXFileReference; lastKnownFileType = sourcecode.swift; path = ViewController.swift; sourceTree = "<group>"; };
		79A771952A28B48900408C72 /* Base */ = {isa = PBXFileReference; lastKnownFileType = file.storyboard; name = Base; path = Base.lproj/Main.storyboard; sourceTree = "<group>"; };
		79A771972A28B48A00408C72 /* Assets.xcassets */ = {isa = PBXFileReference; lastKnownFileType = folder.assetcatalog; path = Assets.xcassets; sourceTree = "<group>"; };
		79A7719A2A28B48A00408C72 /* Base */ = {isa = PBXFileReference; lastKnownFileType = file.storyboard; name = Base; path = Base.lproj/LaunchScreen.storyboard; sourceTree = "<group>"; };
		79A7719C2A28B48A00408C72 /* Info.plist */ = {isa = PBXFileReference; lastKnownFileType = text.plist.xml; path = Info.plist; sourceTree = "<group>"; };
		79A771A72A28B73100408C72 /* Video.swift */ = {isa = PBXFileReference; lastKnownFileType = sourcecode.swift; path = Video.swift; sourceTree = "<group>"; };
		79B420D12A388F4B0032D564 /* FlowplayerSDK.xcframework */ = {isa = PBXFileReference; lastKnownFileType = wrapper.xcframework; path = FlowplayerSDK.xcframework; sourceTree = "<group>"; };
		79B420D52A3890380032D564 /* PlayController.swift */ = {isa = PBXFileReference; lastKnownFileType = sourcecode.swift; path = PlayController.swift; sourceTree = "<group>"; };
/* End PBXFileReference section */

/* Begin PBXFrameworksBuildPhase section */
		79A771882A28B48900408C72 /* Frameworks */ = {
			isa = PBXFrameworksBuildPhase;
			buildActionMask = 2147483647;
			files = (
				79168AF62A32863600217A60 /* GoogleInteractiveMediaAds in Frameworks */,
				79B420D32A388F510032D564 /* FlowplayerSDK.xcframework in Frameworks */,
			);
			runOnlyForDeploymentPostprocessing = 0;
		};
/* End PBXFrameworksBuildPhase section */

/* Begin PBXGroup section */
		79A771822A28B48900408C72 = {
			isa = PBXGroup;
			children = (
				79B420D02A388F4B0032D564 /* Frameworks */,
				79A7718D2A28B48900408C72 /* Basic */,
				79A7718C2A28B48900408C72 /* Products */,
			);
			sourceTree = "<group>";
		};
		79A7718C2A28B48900408C72 /* Products */ = {
			isa = PBXGroup;
			children = (
				79A7718B2A28B48900408C72 /* Basic.app */,
			);
			name = Products;
			sourceTree = "<group>";
		};
		79A7718D2A28B48900408C72 /* Basic */ = {
			isa = PBXGroup;
			children = (
				79A771972A28B48A00408C72 /* Assets.xcassets */,
				79A7719C2A28B48A00408C72 /* Info.plist */,
				79A771A42A28B59200408C72 /* App */,
				79A771A52A28B59900408C72 /* Controller */,
				79A771A62A28B72500408C72 /* Model */,
				79A771A22A28B57100408C72 /* Storyboard */,
			);
			path = Basic;
			sourceTree = "<group>";
		};
		79A771A22A28B57100408C72 /* Storyboard */ = {
			isa = PBXGroup;
			children = (
				79A771942A28B48900408C72 /* Main.storyboard */,
				79A771992A28B48A00408C72 /* LaunchScreen.storyboard */,
			);
			path = Storyboard;
			sourceTree = "<group>";
		};
		79A771A42A28B59200408C72 /* App */ = {
			isa = PBXGroup;
			children = (
				79A7718E2A28B48900408C72 /* AppDelegate.swift */,
				79A771902A28B48900408C72 /* SceneDelegate.swift */,
			);
			path = App;
			sourceTree = "<group>";
		};
		79A771A52A28B59900408C72 /* Controller */ = {
			isa = PBXGroup;
			children = (
				79A771922A28B48900408C72 /* ViewController.swift */,
				79B420D52A3890380032D564 /* PlayController.swift */,
			);
			path = Controller;
			sourceTree = "<group>";
		};
		79A771A62A28B72500408C72 /* Model */ = {
			isa = PBXGroup;
			children = (
				79A771A72A28B73100408C72 /* Video.swift */,
			);
			path = Model;
			sourceTree = "<group>";
		};
		79B420D02A388F4B0032D564 /* Frameworks */ = {
			isa = PBXGroup;
			children = (
				79B420D12A388F4B0032D564 /* FlowplayerSDK.xcframework */,
			);
			path = Frameworks;
			sourceTree = "<group>";
		};
/* End PBXGroup section */

/* Begin PBXNativeTarget section */
		79A7718A2A28B48900408C72 /* Basic */ = {
			isa = PBXNativeTarget;
			buildConfigurationList = 79A7719F2A28B48A00408C72 /* Build configuration list for PBXNativeTarget "Basic" */;
			buildPhases = (
				79A771872A28B48900408C72 /* Sources */,
				79A771882A28B48900408C72 /* Frameworks */,
				79A771892A28B48900408C72 /* Resources */,
				7953BB8B2A33C5CE00C72259 /* Embed Frameworks */,
			);
			buildRules = (
			);
			dependencies = (
			);
			name = Basic;
			packageProductDependencies = (
				79168AF52A32863600217A60 /* GoogleInteractiveMediaAds */,
			);
			productName = "iOS Example (UIKit)";
			productReference = 79A7718B2A28B48900408C72 /* Basic.app */;
			productType = "com.apple.product-type.application";
		};
/* End PBXNativeTarget section */

/* Begin PBXProject section */
		79A771832A28B48900408C72 /* Project object */ = {
			isa = PBXProject;
			attributes = {
				BuildIndependentTargetsInParallel = 1;
				LastSwiftUpdateCheck = 1430;
				LastUpgradeCheck = 1430;
				TargetAttributes = {
					79A7718A2A28B48900408C72 = {
						CreatedOnToolsVersion = 14.3;
					};
				};
			};
			buildConfigurationList = 79A771862A28B48900408C72 /* Build configuration list for PBXProject "iOS Example" */;
			compatibilityVersion = "Xcode 14.0";
			developmentRegion = en;
			hasScannedForEncodings = 0;
			knownRegions = (
				en,
				Base,
			);
			mainGroup = 79A771822A28B48900408C72;
			packageReferences = (
				79168AF42A32863600217A60 /* XCRemoteSwiftPackageReference "swift-google-ima-spm" */,
			);
			productRefGroup = 79A7718C2A28B48900408C72 /* Products */;
			projectDirPath = "";
			projectRoot = "";
			targets = (
				79A7718A2A28B48900408C72 /* Basic */,
			);
		};
/* End PBXProject section */

/* Begin PBXResourcesBuildPhase section */
		79A771892A28B48900408C72 /* Resources */ = {
			isa = PBXResourcesBuildPhase;
			buildActionMask = 2147483647;
			files = (
				79A7719B2A28B48A00408C72 /* LaunchScreen.storyboard in Resources */,
				79A771982A28B48A00408C72 /* Assets.xcassets in Resources */,
				79A771962A28B48900408C72 /* Main.storyboard in Resources */,
			);
			runOnlyForDeploymentPostprocessing = 0;
		};
/* End PBXResourcesBuildPhase section */

/* Begin PBXSourcesBuildPhase section */
		79A771872A28B48900408C72 /* Sources */ = {
			isa = PBXSourcesBuildPhase;
			buildActionMask = 2147483647;
			files = (
				79A771932A28B48900408C72 /* ViewController.swift in Sources */,
				79A771A82A28B73100408C72 /* Video.swift in Sources */,
				79A7718F2A28B48900408C72 /* AppDelegate.swift in Sources */,
				79A771912A28B48900408C72 /* SceneDelegate.swift in Sources */,
				79B420D62A3890380032D564 /* PlayController.swift in Sources */,
			);
			runOnlyForDeploymentPostprocessing = 0;
		};
/* End PBXSourcesBuildPhase section */

/* Begin PBXVariantGroup section */
		79A771942A28B48900408C72 /* Main.storyboard */ = {
			isa = PBXVariantGroup;
			children = (
				79A771952A28B48900408C72 /* Base */,
			);
			name = Main.storyboard;
			sourceTree = "<group>";
		};
		79A771992A28B48A00408C72 /* LaunchScreen.storyboard */ = {
			isa = PBXVariantGroup;
			children = (
				79A7719A2A28B48A00408C72 /* Base */,
			);
			name = LaunchScreen.storyboard;
			sourceTree = "<group>";
		};
/* End PBXVariantGroup section */

/* Begin XCBuildConfiguration section */
		79A7719D2A28B48A00408C72 /* Debug */ = {
			isa = XCBuildConfiguration;
			buildSettings = {
				ALWAYS_SEARCH_USER_PATHS = NO;
				CLANG_ANALYZER_NONNULL = YES;
				CLANG_ANALYZER_NUMBER_OBJECT_CONVERSION = YES_AGGRESSIVE;
				CLANG_CXX_LANGUAGE_STANDARD = "gnu++20";
				CLANG_ENABLE_MODULES = YES;
				CLANG_ENABLE_OBJC_ARC = YES;
				CLANG_ENABLE_OBJC_WEAK = YES;
				CLANG_WARN_BLOCK_CAPTURE_AUTORELEASING = YES;
				CLANG_WARN_BOOL_CONVERSION = YES;
				CLANG_WARN_COMMA = YES;
				CLANG_WARN_CONSTANT_CONVERSION = YES;
				CLANG_WARN_DEPRECATED_OBJC_IMPLEMENTATIONS = YES;
				CLANG_WARN_DIRECT_OBJC_ISA_USAGE = YES_ERROR;
				CLANG_WARN_DOCUMENTATION_COMMENTS = YES;
				CLANG_WARN_EMPTY_BODY = YES;
				CLANG_WARN_ENUM_CONVERSION = YES;
				CLANG_WARN_INFINITE_RECURSION = YES;
				CLANG_WARN_INT_CONVERSION = YES;
				CLANG_WARN_NON_LITERAL_NULL_CONVERSION = YES;
				CLANG_WARN_OBJC_IMPLICIT_RETAIN_SELF = YES;
				CLANG_WARN_OBJC_LITERAL_CONVERSION = YES;
				CLANG_WARN_OBJC_ROOT_CLASS = YES_ERROR;
				CLANG_WARN_QUOTED_INCLUDE_IN_FRAMEWORK_HEADER = YES;
				CLANG_WARN_RANGE_LOOP_ANALYSIS = YES;
				CLANG_WARN_STRICT_PROTOTYPES = YES;
				CLANG_WARN_SUSPICIOUS_MOVE = YES;
				CLANG_WARN_UNGUARDED_AVAILABILITY = YES_AGGRESSIVE;
				CLANG_WARN_UNREACHABLE_CODE = YES;
				CLANG_WARN__DUPLICATE_METHOD_MATCH = YES;
				COPY_PHASE_STRIP = NO;
				DEBUG_INFORMATION_FORMAT = dwarf;
				ENABLE_STRICT_OBJC_MSGSEND = YES;
				ENABLE_TESTABILITY = YES;
				GCC_C_LANGUAGE_STANDARD = gnu11;
				GCC_DYNAMIC_NO_PIC = NO;
				GCC_NO_COMMON_BLOCKS = YES;
				GCC_OPTIMIZATION_LEVEL = 0;
				GCC_PREPROCESSOR_DEFINITIONS = (
					"DEBUG=1",
					"$(inherited)",
				);
				GCC_WARN_64_TO_32_BIT_CONVERSION = YES;
				GCC_WARN_ABOUT_RETURN_TYPE = YES_ERROR;
				GCC_WARN_UNDECLARED_SELECTOR = YES;
				GCC_WARN_UNINITIALIZED_AUTOS = YES_AGGRESSIVE;
				GCC_WARN_UNUSED_FUNCTION = YES;
				GCC_WARN_UNUSED_VARIABLE = YES;
				IPHONEOS_DEPLOYMENT_TARGET = 16.4;
				MTL_ENABLE_DEBUG_INFO = INCLUDE_SOURCE;
				MTL_FAST_MATH = YES;
				ONLY_ACTIVE_ARCH = YES;
				SDKROOT = iphoneos;
				SWIFT_ACTIVE_COMPILATION_CONDITIONS = DEBUG;
				SWIFT_OPTIMIZATION_LEVEL = "-Onone";
			};
			name = Debug;
		};
		79A7719E2A28B48A00408C72 /* Release */ = {
			isa = XCBuildConfiguration;
			buildSettings = {
				ALWAYS_SEARCH_USER_PATHS = NO;
				CLANG_ANALYZER_NONNULL = YES;
				CLANG_ANALYZER_NUMBER_OBJECT_CONVERSION = YES_AGGRESSIVE;
				CLANG_CXX_LANGUAGE_STANDARD = "gnu++20";
				CLANG_ENABLE_MODULES = YES;
				CLANG_ENABLE_OBJC_ARC = YES;
				CLANG_ENABLE_OBJC_WEAK = YES;
				CLANG_WARN_BLOCK_CAPTURE_AUTORELEASING = YES;
				CLANG_WARN_BOOL_CONVERSION = YES;
				CLANG_WARN_COMMA = YES;
				CLANG_WARN_CONSTANT_CONVERSION = YES;
				CLANG_WARN_DEPRECATED_OBJC_IMPLEMENTATIONS = YES;
				CLANG_WARN_DIRECT_OBJC_ISA_USAGE = YES_ERROR;
				CLANG_WARN_DOCUMENTATION_COMMENTS = YES;
				CLANG_WARN_EMPTY_BODY = YES;
				CLANG_WARN_ENUM_CONVERSION = YES;
				CLANG_WARN_INFINITE_RECURSION = YES;
				CLANG_WARN_INT_CONVERSION = YES;
				CLANG_WARN_NON_LITERAL_NULL_CONVERSION = YES;
				CLANG_WARN_OBJC_IMPLICIT_RETAIN_SELF = YES;
				CLANG_WARN_OBJC_LITERAL_CONVERSION = YES;
				CLANG_WARN_OBJC_ROOT_CLASS = YES_ERROR;
				CLANG_WARN_QUOTED_INCLUDE_IN_FRAMEWORK_HEADER = YES;
				CLANG_WARN_RANGE_LOOP_ANALYSIS = YES;
				CLANG_WARN_STRICT_PROTOTYPES = YES;
				CLANG_WARN_SUSPICIOUS_MOVE = YES;
				CLANG_WARN_UNGUARDED_AVAILABILITY = YES_AGGRESSIVE;
				CLANG_WARN_UNREACHABLE_CODE = YES;
				CLANG_WARN__DUPLICATE_METHOD_MATCH = YES;
				COPY_PHASE_STRIP = NO;
				DEBUG_INFORMATION_FORMAT = "dwarf-with-dsym";
				ENABLE_NS_ASSERTIONS = NO;
				ENABLE_STRICT_OBJC_MSGSEND = YES;
				GCC_C_LANGUAGE_STANDARD = gnu11;
				GCC_NO_COMMON_BLOCKS = YES;
				GCC_WARN_64_TO_32_BIT_CONVERSION = YES;
				GCC_WARN_ABOUT_RETURN_TYPE = YES_ERROR;
				GCC_WARN_UNDECLARED_SELECTOR = YES;
				GCC_WARN_UNINITIALIZED_AUTOS = YES_AGGRESSIVE;
				GCC_WARN_UNUSED_FUNCTION = YES;
				GCC_WARN_UNUSED_VARIABLE = YES;
				IPHONEOS_DEPLOYMENT_TARGET = 16.4;
				MTL_ENABLE_DEBUG_INFO = NO;
				MTL_FAST_MATH = YES;
				SDKROOT = iphoneos;
				SWIFT_COMPILATION_MODE = wholemodule;
				SWIFT_OPTIMIZATION_LEVEL = "-O";
				VALIDATE_PRODUCT = YES;
			};
			name = Release;
		};
		79A771A02A28B48A00408C72 /* Debug */ = {
			isa = XCBuildConfiguration;
			buildSettings = {
				ASSETCATALOG_COMPILER_APPICON_NAME = AppIcon;
				ASSETCATALOG_COMPILER_GLOBAL_ACCENT_COLOR_NAME = AccentColor;
				CODE_SIGN_STYLE = Automatic;
				CURRENT_PROJECT_VERSION = 1;
				DEVELOPMENT_TEAM = UZ36E9K8AU;
				GENERATE_INFOPLIST_FILE = YES;
				INFOPLIST_FILE = Basic/Info.plist;
				INFOPLIST_KEY_UIApplicationSupportsIndirectInputEvents = YES;
				INFOPLIST_KEY_UILaunchStoryboardName = LaunchScreen;
				INFOPLIST_KEY_UIMainStoryboardFile = Main;
				INFOPLIST_KEY_UISupportedInterfaceOrientations_iPad = "UIInterfaceOrientationPortrait UIInterfaceOrientationPortraitUpsideDown UIInterfaceOrientationLandscapeLeft UIInterfaceOrientationLandscapeRight";
				INFOPLIST_KEY_UISupportedInterfaceOrientations_iPhone = "UIInterfaceOrientationPortrait UIInterfaceOrientationLandscapeLeft UIInterfaceOrientationLandscapeRight";
				IPHONEOS_DEPLOYMENT_TARGET = 14.0;
				LD_RUNPATH_SEARCH_PATHS = (
					"$(inherited)",
					"@executable_path/Frameworks",
				);
				MARKETING_VERSION = 1.0;
				PRODUCT_BUNDLE_IDENTIFIER = basic.flowplayer.com;
				PRODUCT_NAME = "$(TARGET_NAME)";
				SUPPORTED_PLATFORMS = "iphoneos iphonesimulator";
				SUPPORTS_MACCATALYST = NO;
				SUPPORTS_MAC_DESIGNED_FOR_IPHONE_IPAD = NO;
				SWIFT_EMIT_LOC_STRINGS = YES;
				SWIFT_VERSION = 5.0;
				TARGETED_DEVICE_FAMILY = "1,2";
			};
			name = Debug;
		};
		79A771A12A28B48A00408C72 /* Release */ = {
			isa = XCBuildConfiguration;
			buildSettings = {
				ASSETCATALOG_COMPILER_APPICON_NAME = AppIcon;
				ASSETCATALOG_COMPILER_GLOBAL_ACCENT_COLOR_NAME = AccentColor;
				CODE_SIGN_STYLE = Automatic;
				CURRENT_PROJECT_VERSION = 1;
				DEVELOPMENT_TEAM = UZ36E9K8AU;
				GENERATE_INFOPLIST_FILE = YES;
				INFOPLIST_FILE = Basic/Info.plist;
				INFOPLIST_KEY_UIApplicationSupportsIndirectInputEvents = YES;
				INFOPLIST_KEY_UILaunchStoryboardName = LaunchScreen;
				INFOPLIST_KEY_UIMainStoryboardFile = Main;
				INFOPLIST_KEY_UISupportedInterfaceOrientations_iPad = "UIInterfaceOrientationPortrait UIInterfaceOrientationPortraitUpsideDown UIInterfaceOrientationLandscapeLeft UIInterfaceOrientationLandscapeRight";
				INFOPLIST_KEY_UISupportedInterfaceOrientations_iPhone = "UIInterfaceOrientationPortrait UIInterfaceOrientationLandscapeLeft UIInterfaceOrientationLandscapeRight";
				IPHONEOS_DEPLOYMENT_TARGET = 14.0;
				LD_RUNPATH_SEARCH_PATHS = (
					"$(inherited)",
					"@executable_path/Frameworks",
				);
				MARKETING_VERSION = 1.0;
				PRODUCT_BUNDLE_IDENTIFIER = basic.flowplayer.com;
				PRODUCT_NAME = "$(TARGET_NAME)";
				SUPPORTED_PLATFORMS = "iphoneos iphonesimulator";
				SUPPORTS_MACCATALYST = NO;
				SUPPORTS_MAC_DESIGNED_FOR_IPHONE_IPAD = NO;
				SWIFT_EMIT_LOC_STRINGS = YES;
				SWIFT_VERSION = 5.0;
				TARGETED_DEVICE_FAMILY = "1,2";
			};
			name = Release;
		};
/* End XCBuildConfiguration section */

/* Begin XCConfigurationList section */
		79A771862A28B48900408C72 /* Build configuration list for PBXProject "iOS Example" */ = {
			isa = XCConfigurationList;
			buildConfigurations = (
				79A7719D2A28B48A00408C72 /* Debug */,
				79A7719E2A28B48A00408C72 /* Release */,
			);
			defaultConfigurationIsVisible = 0;
			defaultConfigurationName = Release;
		};
		79A7719F2A28B48A00408C72 /* Build configuration list for PBXNativeTarget "Basic" */ = {
			isa = XCConfigurationList;
			buildConfigurations = (
				79A771A02A28B48A00408C72 /* Debug */,
				79A771A12A28B48A00408C72 /* Release */,
			);
			defaultConfigurationIsVisible = 0;
			defaultConfigurationName = Release;
		};
/* End XCConfigurationList section */

/* Begin XCRemoteSwiftPackageReference section */
		79168AF42A32863600217A60 /* XCRemoteSwiftPackageReference "swift-google-ima-spm" */ = {
			isa = XCRemoteSwiftPackageReference;
			repositoryURL = "https://github.com/rashadatjou/swift-google-ima-spm";
			requirement = {
				kind = versionRange;
				maximumVersion = 2.0.0;
				minimumVersion = 1.0.0;
			};
		};
/* End XCRemoteSwiftPackageReference section */

/* Begin XCSwiftPackageProductDependency section */
		79168AF52A32863600217A60 /* GoogleInteractiveMediaAds */ = {
			isa = XCSwiftPackageProductDependency;
			package = 79168AF42A32863600217A60 /* XCRemoteSwiftPackageReference "swift-google-ima-spm" */;
			productName = GoogleInteractiveMediaAds;
		};
/* End XCSwiftPackageProductDependency section */
	};
	rootObject = 79A771832A28B48900408C72 /* Project object */;
}
