{
  "pins" : [
    {
      "identity" : "apple-sdk-releases",
      "kind" : "remoteSourceControl",
      "location" : "https://github.com/flowplayer/apple-sdk-releases",
      "state" : {
        "branch" : "main",
        "revision" : "d712b1e33ad402ba53e2a96226c0ac6c1470f053"
      }
    },
    {
      "identity" : "swift-google-ima-spm",
      "kind" : "remoteSourceControl",
      "location" : "https://github.com/rashadatjou/swift-google-ima-spm",
      "state" : {
        "revision" : "46a0a8e8ce3bdf501cb34b69b5c8b66889836ebe",
        "version" : "1.2.0"
      }
    }
  ],
  "version" : 2
}
