{
  "pins" : [
    {
      "identity" : "apple-sdk-releases",
      "kind" : "remoteSourceControl",
      "location" : "git@github.com:flowplayer/apple-sdk-releases.git",
      "state" : {
        "branch" : "main",
        "revision" : "01742f4d8ea9a4b5efb19732ee48f71f0e86a579"
      }
    },
    {
      "identity" : "swift-google-ima-spm",
      "kind" : "remoteSourceControl",
      "location" : "https://github.com/rashadatjou/swift-google-ima-spm",
      "state" : {
        "revision" : "46a0a8e8ce3bdf501cb34b69b5c8b66889836ebe",
        "version" : "1.2.0"
      }
    }
  ],
  "version" : 2
}
