// !$*UTF8*$!
{
	archiveVersion = 1;
	classes = {
	};
	objectVersion = 56;
	objects = {

/* Begin PBXBuildFile section */
		794EA59B2AC5BEAB004A7942 /* FlowplayerSDK in Frameworks */ = {isa = PBXBuildFile; productRef = 794EA59A2AC5BEAB004A7942 /* FlowplayerSDK */; };
		7967CB042A39D7CB00AAA66F /* AppDelegate.swift in Sources */ = {isa = PBXBuildFile; fileRef = 7967CB032A39D7CB00AAA66F /* AppDelegate.swift */; };
		7967CB062A39D7CB00AAA66F /* ViewController.swift in Sources */ = {isa = PBXBuildFile; fileRef = 7967CB052A39D7CB00AAA66F /* ViewController.swift */; };
		7967CB092A39D7CB00AAA66F /* Main.storyboard in Resources */ = {isa = PBXBuildFile; fileRef = 7967CB072A39D7CB00AAA66F /* Main.storyboard */; };
		7967CB0B2A39D7CB00AAA66F /* Assets.xcassets in Resources */ = {isa = PBXBuildFile; fileRef = 7967CB0A2A39D7CB00AAA66F /* Assets.xcassets */; };
		7967CB0E2A39D7CB00AAA66F /* LaunchScreen.storyboard in Resources */ = {isa = PBXBuildFile; fileRef = 7967CB0C2A39D7CB00AAA66F /* LaunchScreen.storyboard */; };
		7967CB192A39E00100AAA66F /* Video.swift in Sources */ = {isa = PBXBuildFile; fileRef = 7967CB182A39E00100AAA66F /* Video.swift */; };
		7967CB1B2A39E0FA00AAA66F /* PlayController.swift in Sources */ = {isa = PBXBuildFile; fileRef = 7967CB1A2A39E0FA00AAA66F /* PlayController.swift */; };
		79CFB7EE2A8E56FE00AA8F44 /* BigBackBunny.mp4 in Resources */ = {isa = PBXBuildFile; fileRef = 79CFB7ED2A8E56A200AA8F44 /* BigBackBunny.mp4 */; };
		79FF0BC12A4DBA6100EBBB99 /* GoogleInteractiveMediaAds in Frameworks */ = {isa = PBXBuildFile; productRef = 79FF0BC02A4DBA6100EBBB99 /* GoogleInteractiveMediaAds */; };
/* End PBXBuildFile section */

/* Begin PBXFileReference section */
		7967CB002A39D7CB00AAA66F /* tvOS Example.app */ = {isa = PBXFileReference; explicitFileType = wrapper.application; includeInIndex = 0; path = "tvOS Example.app"; sourceTree = BUILT_PRODUCTS_DIR; };
		7967CB032A39D7CB00AAA66F /* AppDelegate.swift */ = {isa = PBXFileReference; lastKnownFileType = sourcecode.swift; path = AppDelegate.swift; sourceTree = "<group>"; };
		7967CB052A39D7CB00AAA66F /* ViewController.swift */ = {isa = PBXFileReference; lastKnownFileType = sourcecode.swift; path = ViewController.swift; sourceTree = "<group>"; };
		7967CB082A39D7CB00AAA66F /* Base */ = {isa = PBXFileReference; lastKnownFileType = file.storyboard; name = Base; path = Base.lproj/Main.storyboard; sourceTree = "<group>"; };
		7967CB0A2A39D7CB00AAA66F /* Assets.xcassets */ = {isa = PBXFileReference; lastKnownFileType = folder.assetcatalog; path = Assets.xcassets; sourceTree = "<group>"; };
		7967CB0D2A39D7CB00AAA66F /* Base */ = {isa = PBXFileReference; lastKnownFileType = file.storyboard; name = Base; path = Base.lproj/LaunchScreen.storyboard; sourceTree = "<group>"; };
		7967CB182A39E00100AAA66F /* Video.swift */ = {isa = PBXFileReference; lastKnownFileType = sourcecode.swift; path = Video.swift; sourceTree = "<group>"; };
		7967CB1A2A39E0FA00AAA66F /* PlayController.swift */ = {isa = PBXFileReference; lastKnownFileType = sourcecode.swift; path = PlayController.swift; sourceTree = "<group>"; };
		79CFB7ED2A8E56A200AA8F44 /* BigBackBunny.mp4 */ = {isa = PBXFileReference; lastKnownFileType = file; path = BigBackBunny.mp4; sourceTree = "<group>"; };
/* End PBXFileReference section */

/* Begin PBXFrameworksBuildPhase section */
		7967CAFD2A39D7CB00AAA66F /* Frameworks */ = {
			isa = PBXFrameworksBuildPhase;
			buildActionMask = 2147483647;
			files = (
				794EA59B2AC5BEAB004A7942 /* FlowplayerSDK in Frameworks */,
				79FF0BC12A4DBA6100EBBB99 /* GoogleInteractiveMediaAds in Frameworks */,
			);
			runOnlyForDeploymentPostprocessing = 0;
		};
/* End PBXFrameworksBuildPhase section */

/* Begin PBXGroup section */
		7967CAF72A39D7CB00AAA66F = {
			isa = PBXGroup;
			children = (
				7967CB012A39D7CB00AAA66F /* Products */,
				7967CB022A39D7CB00AAA66F /* Sources */,
			);
			sourceTree = "<group>";
		};
		7967CB012A39D7CB00AAA66F /* Products */ = {
			isa = PBXGroup;
			children = (
				7967CB002A39D7CB00AAA66F /* tvOS Example.app */,
			);
			name = Products;
			sourceTree = "<group>";
		};
		7967CB022A39D7CB00AAA66F /* Sources */ = {
			isa = PBXGroup;
			children = (
				7967CB0A2A39D7CB00AAA66F /* Assets.xcassets */,
				7967CB142A39D86000AAA66F /* App */,
				7967CB152A39D87200AAA66F /* Controller */,
				79CFB7EC2A8E56A100AA8F44 /* Media */,
				7967CB172A39DFEF00AAA66F /* Model */,
				7967CB162A39D87C00AAA66F /* Storyboard */,
			);
			path = Sources;
			sourceTree = "<group>";
		};
		7967CB142A39D86000AAA66F /* App */ = {
			isa = PBXGroup;
			children = (
				7967CB032A39D7CB00AAA66F /* AppDelegate.swift */,
			);
			path = App;
			sourceTree = "<group>";
		};
		7967CB152A39D87200AAA66F /* Controller */ = {
			isa = PBXGroup;
			children = (
				7967CB052A39D7CB00AAA66F /* ViewController.swift */,
				7967CB1A2A39E0FA00AAA66F /* PlayController.swift */,
			);
			path = Controller;
			sourceTree = "<group>";
		};
		7967CB162A39D87C00AAA66F /* Storyboard */ = {
			isa = PBXGroup;
			children = (
				7967CB072A39D7CB00AAA66F /* Main.storyboard */,
				7967CB0C2A39D7CB00AAA66F /* LaunchScreen.storyboard */,
			);
			path = Storyboard;
			sourceTree = "<group>";
		};
		7967CB172A39DFEF00AAA66F /* Model */ = {
			isa = PBXGroup;
			children = (
				7967CB182A39E00100AAA66F /* Video.swift */,
			);
			path = Model;
			sourceTree = "<group>";
		};
		79CFB7EC2A8E56A100AA8F44 /* Media */ = {
			isa = PBXGroup;
			children = (
				79CFB7ED2A8E56A200AA8F44 /* BigBackBunny.mp4 */,
			);
			path = Media;
			sourceTree = "<group>";
		};
/* End PBXGroup section */

/* Begin PBXNativeTarget section */
		7967CAFF2A39D7CB00AAA66F /* tvOS Example */ = {
			isa = PBXNativeTarget;
			buildConfigurationList = 7967CB112A39D7CB00AAA66F /* Build configuration list for PBXNativeTarget "tvOS Example" */;
			buildPhases = (
				7967CAFC2A39D7CB00AAA66F /* Sources */,
				7967CAFD2A39D7CB00AAA66F /* Frameworks */,
				7967CAFE2A39D7CB00AAA66F /* Resources */,
			);
			buildRules = (
			);
			dependencies = (
			);
			name = "tvOS Example";
			packageProductDependencies = (
				79FF0BC02A4DBA6100EBBB99 /* GoogleInteractiveMediaAds */,
				794EA59A2AC5BEAB004A7942 /* FlowplayerSDK */,
			);
			productName = "tvOS Example";
			productReference = 7967CB002A39D7CB00AAA66F /* tvOS Example.app */;
			productType = "com.apple.product-type.application";
		};
/* End PBXNativeTarget section */

/* Begin PBXProject section */
		7967CAF82A39D7CB00AAA66F /* Project object */ = {
			isa = PBXProject;
			attributes = {
				BuildIndependentTargetsInParallel = 1;
				LastSwiftUpdateCheck = 1430;
				LastUpgradeCheck = 1500;
				ORGANIZATIONNAME = Wowza;
				TargetAttributes = {
					7967CAFF2A39D7CB00AAA66F = {
						CreatedOnToolsVersion = 14.3.1;
					};
				};
			};
			buildConfigurationList = 7967CAFB2A39D7CB00AAA66F /* Build configuration list for PBXProject "tvOS Example" */;
			compatibilityVersion = "Xcode 14.0";
			developmentRegion = en;
			hasScannedForEncodings = 0;
			knownRegions = (
				en,
				Base,
			);
			mainGroup = 7967CAF72A39D7CB00AAA66F;
			packageReferences = (
				7967CB242A39E1EB00AAA66F /* XCRemoteSwiftPackageReference "swift-google-ima-spm" */,
				794EA5992AC5BEAB004A7942 /* XCRemoteSwiftPackageReference "apple-sdk-releases" */,
			);
			productRefGroup = 7967CB012A39D7CB00AAA66F /* Products */;
			projectDirPath = "";
			projectRoot = "";
			targets = (
				7967CAFF2A39D7CB00AAA66F /* tvOS Example */,
			);
		};
/* End PBXProject section */

/* Begin PBXResourcesBuildPhase section */
		7967CAFE2A39D7CB00AAA66F /* Resources */ = {
			isa = PBXResourcesBuildPhase;
			buildActionMask = 2147483647;
			files = (
				79CFB7EE2A8E56FE00AA8F44 /* BigBackBunny.mp4 in Resources */,
				7967CB0E2A39D7CB00AAA66F /* LaunchScreen.storyboard in Resources */,
				7967CB0B2A39D7CB00AAA66F /* Assets.xcassets in Resources */,
				7967CB092A39D7CB00AAA66F /* Main.storyboard in Resources */,
			);
			runOnlyForDeploymentPostprocessing = 0;
		};
/* End PBXResourcesBuildPhase section */

/* Begin PBXSourcesBuildPhase section */
		7967CAFC2A39D7CB00AAA66F /* Sources */ = {
			isa = PBXSourcesBuildPhase;
			buildActionMask = 2147483647;
			files = (
				7967CB062A39D7CB00AAA66F /* ViewController.swift in Sources */,
				7967CB1B2A39E0FA00AAA66F /* PlayController.swift in Sources */,
				7967CB192A39E00100AAA66F /* Video.swift in Sources */,
				7967CB042A39D7CB00AAA66F /* AppDelegate.swift in Sources */,
			);
			runOnlyForDeploymentPostprocessing = 0;
		};
/* End PBXSourcesBuildPhase section */

/* Begin PBXVariantGroup section */
		7967CB072A39D7CB00AAA66F /* Main.storyboard */ = {
			isa = PBXVariantGroup;
			children = (
				7967CB082A39D7CB00AAA66F /* Base */,
			);
			name = Main.storyboard;
			sourceTree = "<group>";
		};
		7967CB0C2A39D7CB00AAA66F /* LaunchScreen.storyboard */ = {
			isa = PBXVariantGroup;
			children = (
				7967CB0D2A39D7CB00AAA66F /* Base */,
			);
			name = LaunchScreen.storyboard;
			sourceTree = "<group>";
		};
/* End PBXVariantGroup section */

/* Begin XCBuildConfiguration section */
		7967CB0F2A39D7CB00AAA66F /* Debug */ = {
			isa = XCBuildConfiguration;
			buildSettings = {
				ALWAYS_SEARCH_USER_PATHS = NO;
				CLANG_ANALYZER_NONNULL = YES;
				CLANG_ANALYZER_NUMBER_OBJECT_CONVERSION = YES_AGGRESSIVE;
				CLANG_CXX_LANGUAGE_STANDARD = "gnu++20";
				CLANG_ENABLE_MODULES = YES;
				CLANG_ENABLE_OBJC_ARC = YES;
				CLANG_ENABLE_OBJC_WEAK = YES;
				CLANG_WARN_BLOCK_CAPTURE_AUTORELEASING = YES;
				CLANG_WARN_BOOL_CONVERSION = YES;
				CLANG_WARN_COMMA = YES;
				CLANG_WARN_CONSTANT_CONVERSION = YES;
				CLANG_WARN_DEPRECATED_OBJC_IMPLEMENTATIONS = YES;
				CLANG_WARN_DIRECT_OBJC_ISA_USAGE = YES_ERROR;
				CLANG_WARN_DOCUMENTATION_COMMENTS = YES;
				CLANG_WARN_EMPTY_BODY = YES;
				CLANG_WARN_ENUM_CONVERSION = YES;
				CLANG_WARN_INFINITE_RECURSION = YES;
				CLANG_WARN_INT_CONVERSION = YES;
				CLANG_WARN_NON_LITERAL_NULL_CONVERSION = YES;
				CLANG_WARN_OBJC_IMPLICIT_RETAIN_SELF = YES;
				CLANG_WARN_OBJC_LITERAL_CONVERSION = YES;
				CLANG_WARN_OBJC_ROOT_CLASS = YES_ERROR;
				CLANG_WARN_QUOTED_INCLUDE_IN_FRAMEWORK_HEADER = YES;
				CLANG_WARN_RANGE_LOOP_ANALYSIS = YES;
				CLANG_WARN_STRICT_PROTOTYPES = YES;
				CLANG_WARN_SUSPICIOUS_MOVE = YES;
				CLANG_WARN_UNGUARDED_AVAILABILITY = YES_AGGRESSIVE;
				CLANG_WARN_UNREACHABLE_CODE = YES;
				CLANG_WARN__DUPLICATE_METHOD_MATCH = YES;
				COPY_PHASE_STRIP = NO;
				DEBUG_INFORMATION_FORMAT = dwarf;
				ENABLE_STRICT_OBJC_MSGSEND = YES;
				ENABLE_TESTABILITY = YES;
				ENABLE_USER_SCRIPT_SANDBOXING = YES;
				GCC_C_LANGUAGE_STANDARD = gnu11;
				GCC_DYNAMIC_NO_PIC = NO;
				GCC_NO_COMMON_BLOCKS = YES;
				GCC_OPTIMIZATION_LEVEL = 0;
				GCC_PREPROCESSOR_DEFINITIONS = (
					"DEBUG=1",
					"$(inherited)",
				);
				GCC_WARN_64_TO_32_BIT_CONVERSION = YES;
				GCC_WARN_ABOUT_RETURN_TYPE = YES_ERROR;
				GCC_WARN_UNDECLARED_SELECTOR = YES;
				GCC_WARN_UNINITIALIZED_AUTOS = YES_AGGRESSIVE;
				GCC_WARN_UNUSED_FUNCTION = YES;
				GCC_WARN_UNUSED_VARIABLE = YES;
				MTL_ENABLE_DEBUG_INFO = INCLUDE_SOURCE;
				MTL_FAST_MATH = YES;
				ONLY_ACTIVE_ARCH = YES;
				SDKROOT = appletvos;
				SWIFT_ACTIVE_COMPILATION_CONDITIONS = DEBUG;
				SWIFT_OPTIMIZATION_LEVEL = "-Onone";
				TVOS_DEPLOYMENT_TARGET = 14.0;
			};
			name = Debug;
		};
		7967CB102A39D7CB00AAA66F /* Release */ = {
			isa = XCBuildConfiguration;
			buildSettings = {
				ALWAYS_SEARCH_USER_PATHS = NO;
				CLANG_ANALYZER_NONNULL = YES;
				CLANG_ANALYZER_NUMBER_OBJECT_CONVERSION = YES_AGGRESSIVE;
				CLANG_CXX_LANGUAGE_STANDARD = "gnu++20";
				CLANG_ENABLE_MODULES = YES;
				CLANG_ENABLE_OBJC_ARC = YES;
				CLANG_ENABLE_OBJC_WEAK = YES;
				CLANG_WARN_BLOCK_CAPTURE_AUTORELEASING = YES;
				CLANG_WARN_BOOL_CONVERSION = YES;
				CLANG_WARN_COMMA = YES;
				CLANG_WARN_CONSTANT_CONVERSION = YES;
				CLANG_WARN_DEPRECATED_OBJC_IMPLEMENTATIONS = YES;
				CLANG_WARN_DIRECT_OBJC_ISA_USAGE = YES_ERROR;
				CLANG_WARN_DOCUMENTATION_COMMENTS = YES;
				CLANG_WARN_EMPTY_BODY = YES;
				CLANG_WARN_ENUM_CONVERSION = YES;
				CLANG_WARN_INFINITE_RECURSION = YES;
				CLANG_WARN_INT_CONVERSION = YES;
				CLANG_WARN_NON_LITERAL_NULL_CONVERSION = YES;
				CLANG_WARN_OBJC_IMPLICIT_RETAIN_SELF = YES;
				CLANG_WARN_OBJC_LITERAL_CONVERSION = YES;
				CLANG_WARN_OBJC_ROOT_CLASS = YES_ERROR;
				CLANG_WARN_QUOTED_INCLUDE_IN_FRAMEWORK_HEADER = YES;
				CLANG_WARN_RANGE_LOOP_ANALYSIS = YES;
				CLANG_WARN_STRICT_PROTOTYPES = YES;
				CLANG_WARN_SUSPICIOUS_MOVE = YES;
				CLANG_WARN_UNGUARDED_AVAILABILITY = YES_AGGRESSIVE;
				CLANG_WARN_UNREACHABLE_CODE = YES;
				CLANG_WARN__DUPLICATE_METHOD_MATCH = YES;
				COPY_PHASE_STRIP = NO;
				DEBUG_INFORMATION_FORMAT = "dwarf-with-dsym";
				ENABLE_NS_ASSERTIONS = NO;
				ENABLE_STRICT_OBJC_MSGSEND = YES;
				ENABLE_USER_SCRIPT_SANDBOXING = YES;
				GCC_C_LANGUAGE_STANDARD = gnu11;
				GCC_NO_COMMON_BLOCKS = YES;
				GCC_WARN_64_TO_32_BIT_CONVERSION = YES;
				GCC_WARN_ABOUT_RETURN_TYPE = YES_ERROR;
				GCC_WARN_UNDECLARED_SELECTOR = YES;
				GCC_WARN_UNINITIALIZED_AUTOS = YES_AGGRESSIVE;
				GCC_WARN_UNUSED_FUNCTION = YES;
				GCC_WARN_UNUSED_VARIABLE = YES;
				MTL_ENABLE_DEBUG_INFO = NO;
				MTL_FAST_MATH = YES;
				SDKROOT = appletvos;
				SWIFT_COMPILATION_MODE = wholemodule;
				SWIFT_OPTIMIZATION_LEVEL = "-O";
				TVOS_DEPLOYMENT_TARGET = 14.0;
				VALIDATE_PRODUCT = YES;
			};
			name = Release;
		};
		7967CB122A39D7CB00AAA66F /* Debug */ = {
			isa = XCBuildConfiguration;
			buildSettings = {
				ASSETCATALOG_COMPILER_APPICON_NAME = "App Icon & Top Shelf Image";
				ASSETCATALOG_COMPILER_GLOBAL_ACCENT_COLOR_NAME = AccentColor;
				CODE_SIGN_STYLE = Automatic;
				CURRENT_PROJECT_VERSION = 1;
				GENERATE_INFOPLIST_FILE = YES;
				INFOPLIST_KEY_UILaunchStoryboardName = LaunchScreen;
				INFOPLIST_KEY_UIMainStoryboardFile = Main;
				INFOPLIST_KEY_UIUserInterfaceStyle = Automatic;
				LD_RUNPATH_SEARCH_PATHS = (
					"$(inherited)",
					"@executable_path/Frameworks",
				);
				MARKETING_VERSION = 1.0;
				PRODUCT_BUNDLE_IDENTIFIER = "flowplayer.com.tvOS-Example";
				PRODUCT_NAME = "$(TARGET_NAME)";
				SWIFT_EMIT_LOC_STRINGS = YES;
				SWIFT_VERSION = 5.0;
				TARGETED_DEVICE_FAMILY = 3;
			};
			name = Debug;
		};
		7967CB132A39D7CB00AAA66F /* Release */ = {
			isa = XCBuildConfiguration;
			buildSettings = {
				ASSETCATALOG_COMPILER_APPICON_NAME = "App Icon & Top Shelf Image";
				ASSETCATALOG_COMPILER_GLOBAL_ACCENT_COLOR_NAME = AccentColor;
				CODE_SIGN_STYLE = Automatic;
				CURRENT_PROJECT_VERSION = 1;
				GENERATE_INFOPLIST_FILE = YES;
				INFOPLIST_KEY_UILaunchStoryboardName = LaunchScreen;
				INFOPLIST_KEY_UIMainStoryboardFile = Main;
				INFOPLIST_KEY_UIUserInterfaceStyle = Automatic;
				LD_RUNPATH_SEARCH_PATHS = (
					"$(inherited)",
					"@executable_path/Frameworks",
				);
				MARKETING_VERSION = 1.0;
				PRODUCT_BUNDLE_IDENTIFIER = "flowplayer.com.tvOS-Example";
				PRODUCT_NAME = "$(TARGET_NAME)";
				SWIFT_EMIT_LOC_STRINGS = YES;
				SWIFT_VERSION = 5.0;
				TARGETED_DEVICE_FAMILY = 3;
			};
			name = Release;
		};
/* End XCBuildConfiguration section */

/* Begin XCConfigurationList section */
		7967CAFB2A39D7CB00AAA66F /* Build configuration list for PBXProject "tvOS Example" */ = {
			isa = XCConfigurationList;
			buildConfigurations = (
				7967CB0F2A39D7CB00AAA66F /* Debug */,
				7967CB102A39D7CB00AAA66F /* Release */,
			);
			defaultConfigurationIsVisible = 0;
			defaultConfigurationName = Release;
		};
		7967CB112A39D7CB00AAA66F /* Build configuration list for PBXNativeTarget "tvOS Example" */ = {
			isa = XCConfigurationList;
			buildConfigurations = (
				7967CB122A39D7CB00AAA66F /* Debug */,
				7967CB132A39D7CB00AAA66F /* Release */,
			);
			defaultConfigurationIsVisible = 0;
			defaultConfigurationName = Release;
		};
/* End XCConfigurationList section */

/* Begin XCRemoteSwiftPackageReference section */
		794EA5992AC5BEAB004A7942 /* XCRemoteSwiftPackageReference "apple-sdk-releases" */ = {
			isa = XCRemoteSwiftPackageReference;
			repositoryURL = "https://github.com/flowplayer/apple-sdk-releases";
			requirement = {
				branch = main;
				kind = branch;
			};
		};
		7967CB242A39E1EB00AAA66F /* XCRemoteSwiftPackageReference "swift-google-ima-spm" */ = {
			isa = XCRemoteSwiftPackageReference;
			repositoryURL = "https://github.com/rashadatjou/swift-google-ima-spm";
			requirement = {
				kind = upToNextMajorVersion;
				minimumVersion = 1.2.0;
			};
		};
/* End XCRemoteSwiftPackageReference section */

/* Begin XCSwiftPackageProductDependency section */
		794EA59A2AC5BEAB004A7942 /* FlowplayerSDK */ = {
			isa = XCSwiftPackageProductDependency;
			package = 794EA5992AC5BEAB004A7942 /* XCRemoteSwiftPackageReference "apple-sdk-releases" */;
			productName = FlowplayerSDK;
		};
		79FF0BC02A4DBA6100EBBB99 /* GoogleInteractiveMediaAds */ = {
			isa = XCSwiftPackageProductDependency;
			package = 7967CB242A39E1EB00AAA66F /* XCRemoteSwiftPackageReference "swift-google-ima-spm" */;
			productName = GoogleInteractiveMediaAds;
		};
/* End XCSwiftPackageProductDependency section */
	};
	rootObject = 7967CAF82A39D7CB00AAA66F /* Project object */;
}
